
Microsoft Visual Studio Solution File, Format Version 12.00
# Visual Studio Version 17
VisualStudioVersion = 17.1.32328.378
MinimumVisualStudioVersion = 10.0.40219.1
Project("{FAE04EC0-301F-11D3-BF4B-00C04F79EFBC}") = "BookStore-csharp", "BookStore-csharp\BookStore-csharp.csproj", "{71464DFA-7BF2-41F1-845F-3FB7848FA86B}"
EndProject
Global
	GlobalSection(SolutionConfigurationPlatforms) = preSolution
		Debug|Any CPU = Debug|Any CPU
		Release|Any CPU = Release|Any CPU
	EndGlobalSection
	GlobalSection(ProjectConfigurationPlatforms) = postSolution
		{71464DFA-7BF2-41F1-845F-3FB7848FA86B}.Debug|Any CPU.ActiveCfg = Debug|Any CPU
		{71464DFA-7BF2-41F1-845F-3FB7848FA86B}.Debug|Any CPU.Build.0 = Debug|Any CPU
		{71464DFA-7BF2-41F1-845F-3FB7848FA86B}.Release|Any CPU.ActiveCfg = Release|Any CPU
		{71464DFA-7BF2-41F1-845F-3FB7848FA86B}.Release|Any CPU.Build.0 = Release|Any CPU
	EndGlobalSection
	GlobalSection(SolutionProperties) = preSolution
		HideSolutionNode = FALSE
	EndGlobalSection
	GlobalSection(ExtensibilityGlobals) = postSolution
		SolutionGuid = {F03DB9C1-4BB2-4795-8DE9-E2E30BFAF1C1}
	EndGlobalSection
EndGlobal
